// !$*UTF8*$!
{
	archiveVersion = 1;
	classes = {
	};
	objectVersion = 50;
	objects = {

/* Begin PBXBuildFile section */
		164A0BD3229AC56900C5B38C /* BaseTabBarViewController.swift in Sources */ = {isa = PBXBuildFile; fileRef = 164A0BD2229AC56900C5B38C /* BaseTabBarViewController.swift */; };
		16A3A885229A74080026C445 /* AppDelegate.swift in Sources */ = {isa = PBXBuildFile; fileRef = 16A3A884229A74080026C445 /* AppDelegate.swift */; };
		16A3A887229A74080026C445 /* ViewController.swift in Sources */ = {isa = PBXBuildFile; fileRef = 16A3A886229A74080026C445 /* ViewController.swift */; };
		16A3A88A229A74080026C445 /* Main.storyboard in Resources */ = {isa = PBXBuildFile; fileRef = 16A3A888229A74080026C445 /* Main.storyboard */; };
		16A3A88C229A74090026C445 /* Assets.xcassets in Resources */ = {isa = PBXBuildFile; fileRef = 16A3A88B229A74090026C445 /* Assets.xcassets */; };
		16A3A88F229A74090026C445 /* LaunchScreen.storyboard in Resources */ = {isa = PBXBuildFile; fileRef = 16A3A88D229A74090026C445 /* LaunchScreen.storyboard */; };
		16A3A89A229A74090026C445 /* FlashNewTests.swift in Sources */ = {isa = PBXBuildFile; fileRef = 16A3A899229A74090026C445 /* FlashNewTests.swift */; };
		16A3A8A5229A74090026C445 /* FlashNewUITests.swift in Sources */ = {isa = PBXBuildFile; fileRef = 16A3A8A4229A74090026C445 /* FlashNewUITests.swift */; };
		16A3A8B4229A783E0026C445 /* BaseViewController.swift in Sources */ = {isa = PBXBuildFile; fileRef = 16A3A8B3229A783E0026C445 /* BaseViewController.swift */; };
		16A3A8B6229A78620026C445 /* BaseNavigationViewController.swift in Sources */ = {isa = PBXBuildFile; fileRef = 16A3A8B5229A78620026C445 /* BaseNavigationViewController.swift */; };
		16A3A8B9229A790C0026C445 /* BaseConfig.swift in Sources */ = {isa = PBXBuildFile; fileRef = 16A3A8B8229A790C0026C445 /* BaseConfig.swift */; };
		16AFFE79229A7FB300017B5C /* Masonry.framework in Frameworks */ = {isa = PBXBuildFile; fileRef = 16AFFE78229A7FB300017B5C /* Masonry.framework */; };
		608D5DB35E6F8F938F4F4F39 /* Pods_FlashNew.framework in Frameworks */ = {isa = PBXBuildFile; fileRef = D13A7DF93157306454ABFD32 /* Pods_FlashNew.framework */; };
		882A1E505E8C6CAC6F48B35A /* Pods_FlashNewTests.framework in Frameworks */ = {isa = PBXBuildFile; fileRef = 396BED193FBDE0238F6DAA83 /* Pods_FlashNewTests.framework */; };
		DFCE118DDE5AFA7BF15E67DC /* Pods_FlashNewUITests.framework in Frameworks */ = {isa = PBXBuildFile; fileRef = B4257FA15A100299A3953A97 /* Pods_FlashNewUITests.framework */; };
/* End PBXBuildFile section */

/* Begin PBXContainerItemProxy section */
		16A3A896229A74090026C445 /* PBXContainerItemProxy */ = {
			isa = PBXContainerItemProxy;
			containerPortal = 16A3A879229A74080026C445 /* Project object */;
			proxyType = 1;
			remoteGlobalIDString = 16A3A880229A74080026C445;
			remoteInfo = FlashNew;
		};
		16A3A8A1229A74090026C445 /* PBXContainerItemProxy */ = {
			isa = PBXContainerItemProxy;
			containerPortal = 16A3A879229A74080026C445 /* Project object */;
			proxyType = 1;
			remoteGlobalIDString = 16A3A880229A74080026C445;
			remoteInfo = FlashNew;
		};
/* End PBXContainerItemProxy section */

/* Begin PBXFileReference section */
		164A0BD2229AC56900C5B38C /* BaseTabBarViewController.swift */ = {isa = PBXFileReference; lastKnownFileType = sourcecode.swift; path = BaseTabBarViewController.swift; sourceTree = "<group>"; };
		16A3A881229A74080026C445 /* FlashNew.app */ = {isa = PBXFileReference; explicitFileType = wrapper.application; includeInIndex = 0; path = FlashNew.app; sourceTree = BUILT_PRODUCTS_DIR; };
		16A3A884229A74080026C445 /* AppDelegate.swift */ = {isa = PBXFileReference; lastKnownFileType = sourcecode.swift; path = AppDelegate.swift; sourceTree = "<group>"; };
		16A3A886229A74080026C445 /* ViewController.swift */ = {isa = PBXFileReference; lastKnownFileType = sourcecode.swift; path = ViewController.swift; sourceTree = "<group>"; };
		16A3A889229A74080026C445 /* Base */ = {isa = PBXFileReference; lastKnownFileType = file.storyboard; name = Base; path = Base.lproj/Main.storyboard; sourceTree = "<group>"; };
		16A3A88B229A74090026C445 /* Assets.xcassets */ = {isa = PBXFileReference; lastKnownFileType = folder.assetcatalog; path = Assets.xcassets; sourceTree = "<group>"; };
		16A3A88E229A74090026C445 /* Base */ = {isa = PBXFileReference; lastKnownFileType = file.storyboard; name = Base; path = Base.lproj/LaunchScreen.storyboard; sourceTree = "<group>"; };
		16A3A890229A74090026C445 /* Info.plist */ = {isa = PBXFileReference; lastKnownFileType = text.plist.xml; path = Info.plist; sourceTree = "<group>"; };
		16A3A895229A74090026C445 /* FlashNewTests.xctest */ = {isa = PBXFileReference; explicitFileType = wrapper.cfbundle; includeInIndex = 0; path = FlashNewTests.xctest; sourceTree = BUILT_PRODUCTS_DIR; };
		16A3A899229A74090026C445 /* FlashNewTests.swift */ = {isa = PBXFileReference; lastKnownFileType = sourcecode.swift; path = FlashNewTests.swift; sourceTree = "<group>"; };
		16A3A89B229A74090026C445 /* Info.plist */ = {isa = PBXFileReference; lastKnownFileType = text.plist.xml; path = Info.plist; sourceTree = "<group>"; };
		16A3A8A0229A74090026C445 /* FlashNewUITests.xctest */ = {isa = PBXFileReference; explicitFileType = wrapper.cfbundle; includeInIndex = 0; path = FlashNewUITests.xctest; sourceTree = BUILT_PRODUCTS_DIR; };
		16A3A8A4229A74090026C445 /* FlashNewUITests.swift */ = {isa = PBXFileReference; lastKnownFileType = sourcecode.swift; path = FlashNewUITests.swift; sourceTree = "<group>"; };
		16A3A8A6229A74090026C445 /* Info.plist */ = {isa = PBXFileReference; lastKnownFileType = text.plist.xml; path = Info.plist; sourceTree = "<group>"; };
		16A3A8B3229A783E0026C445 /* BaseViewController.swift */ = {isa = PBXFileReference; lastKnownFileType = sourcecode.swift; path = BaseViewController.swift; sourceTree = "<group>"; };
		16A3A8B5229A78620026C445 /* BaseNavigationViewController.swift */ = {isa = PBXFileReference; lastKnownFileType = sourcecode.swift; path = BaseNavigationViewController.swift; sourceTree = "<group>"; };
		16A3A8B8229A790C0026C445 /* BaseConfig.swift */ = {isa = PBXFileReference; lastKnownFileType = sourcecode.swift; path = BaseConfig.swift; sourceTree = "<group>"; };
		16AFFE78229A7FB300017B5C /* Masonry.framework */ = {isa = PBXFileReference; explicitFileType = wrapper.framework; path = Masonry.framework; sourceTree = BUILT_PRODUCTS_DIR; };
		396BED193FBDE0238F6DAA83 /* Pods_FlashNewTests.framework */ = {isa = PBXFileReference; explicitFileType = wrapper.framework; includeInIndex = 0; path = Pods_FlashNewTests.framework; sourceTree = BUILT_PRODUCTS_DIR; };
		4D4F71C557AC16A495833E81 /* Pods-FlashNewTests.release.xcconfig */ = {isa = PBXFileReference; includeInIndex = 1; lastKnownFileType = text.xcconfig; name = "Pods-FlashNewTests.release.xcconfig"; path = "Target Support Files/Pods-FlashNewTests/Pods-FlashNewTests.release.xcconfig"; sourceTree = "<group>"; };
		7C3207E10405189DB833784E /* Pods-FlashNew.debug.xcconfig */ = {isa = PBXFileReference; includeInIndex = 1; lastKnownFileType = text.xcconfig; name = "Pods-FlashNew.debug.xcconfig"; path = "Target Support Files/Pods-FlashNew/Pods-FlashNew.debug.xcconfig"; sourceTree = "<group>"; };
		8EF9FE05FB2855A3F0FFD07C /* Pods-FlashNewUITests.release.xcconfig */ = {isa = PBXFileReference; includeInIndex = 1; lastKnownFileType = text.xcconfig; name = "Pods-FlashNewUITests.release.xcconfig"; path = "Target Support Files/Pods-FlashNewUITests/Pods-FlashNewUITests.release.xcconfig"; sourceTree = "<group>"; };
		963EB6E9CC0FDFAC19097E4A /* Pods-FlashNewTests.debug.xcconfig */ = {isa = PBXFileReference; includeInIndex = 1; lastKnownFileType = text.xcconfig; name = "Pods-FlashNewTests.debug.xcconfig"; path = "Target Support Files/Pods-FlashNewTests/Pods-FlashNewTests.debug.xcconfig"; sourceTree = "<group>"; };
		AA6AA3B0350D67ED94AE23C8 /* Pods-FlashNewUITests.debug.xcconfig */ = {isa = PBXFileReference; includeInIndex = 1; lastKnownFileType = text.xcconfig; name = "Pods-FlashNewUITests.debug.xcconfig"; path = "Target Support Files/Pods-FlashNewUITests/Pods-FlashNewUITests.debug.xcconfig"; sourceTree = "<group>"; };
		B4257FA15A100299A3953A97 /* Pods_FlashNewUITests.framework */ = {isa = PBXFileReference; explicitFileType = wrapper.framework; includeInIndex = 0; path = Pods_FlashNewUITests.framework; sourceTree = BUILT_PRODUCTS_DIR; };
		D13A7DF93157306454ABFD32 /* Pods_FlashNew.framework */ = {isa = PBXFileReference; explicitFileType = wrapper.framework; includeInIndex = 0; path = Pods_FlashNew.framework; sourceTree = BUILT_PRODUCTS_DIR; };
		F6DA7E6DF807D39DA83BB051 /* Pods-FlashNew.release.xcconfig */ = {isa = PBXFileReference; includeInIndex = 1; lastKnownFileType = text.xcconfig; name = "Pods-FlashNew.release.xcconfig"; path = "Target Support Files/Pods-FlashNew/Pods-FlashNew.release.xcconfig"; sourceTree = "<group>"; };
/* End PBXFileReference section */

/* Begin PBXFrameworksBuildPhase section */
		16A3A87E229A74080026C445 /* Frameworks */ = {
			isa = PBXFrameworksBuildPhase;
			buildActionMask = 2147483647;
			files = (
				16AFFE79229A7FB300017B5C /* Masonry.framework in Frameworks */,
				608D5DB35E6F8F938F4F4F39 /* Pods_FlashNew.framework in Frameworks */,
			);
			runOnlyForDeploymentPostprocessing = 0;
		};
		16A3A892229A74090026C445 /* Frameworks */ = {
			isa = PBXFrameworksBuildPhase;
			buildActionMask = 2147483647;
			files = (
				882A1E505E8C6CAC6F48B35A /* Pods_FlashNewTests.framework in Frameworks */,
			);
			runOnlyForDeploymentPostprocessing = 0;
		};
		16A3A89D229A74090026C445 /* Frameworks */ = {
			isa = PBXFrameworksBuildPhase;
			buildActionMask = 2147483647;
			files = (
				DFCE118DDE5AFA7BF15E67DC /* Pods_FlashNewUITests.framework in Frameworks */,
			);
			runOnlyForDeploymentPostprocessing = 0;
		};
/* End PBXFrameworksBuildPhase section */

/* Begin PBXGroup section */
		0E0BD84C141DDAA662E85619 /* Pods */ = {
			isa = PBXGroup;
			children = (
				7C3207E10405189DB833784E /* Pods-FlashNew.debug.xcconfig */,
				F6DA7E6DF807D39DA83BB051 /* Pods-FlashNew.release.xcconfig */,
				963EB6E9CC0FDFAC19097E4A /* Pods-FlashNewTests.debug.xcconfig */,
				4D4F71C557AC16A495833E81 /* Pods-FlashNewTests.release.xcconfig */,
				AA6AA3B0350D67ED94AE23C8 /* Pods-FlashNewUITests.debug.xcconfig */,
				8EF9FE05FB2855A3F0FFD07C /* Pods-FlashNewUITests.release.xcconfig */,
			);
			path = Pods;
			sourceTree = "<group>";
		};
		16A3A878229A74080026C445 = {
			isa = PBXGroup;
			children = (
				16A3A883229A74080026C445 /* FlashNew */,
				16A3A898229A74090026C445 /* FlashNewTests */,
				16A3A8A3229A74090026C445 /* FlashNewUITests */,
				16A3A882229A74080026C445 /* Products */,
				0E0BD84C141DDAA662E85619 /* Pods */,
				3EC3C2BB417E679FF802A2D3 /* Frameworks */,
			);
			sourceTree = "<group>";
		};
		16A3A882229A74080026C445 /* Products */ = {
			isa = PBXGroup;
			children = (
				16A3A881229A74080026C445 /* FlashNew.app */,
				16A3A895229A74090026C445 /* FlashNewTests.xctest */,
				16A3A8A0229A74090026C445 /* FlashNewUITests.xctest */,
			);
			name = Products;
			sourceTree = "<group>";
		};
		16A3A883229A74080026C445 /* FlashNew */ = {
			isa = PBXGroup;
			children = (
				16A3A8B7229A78F80026C445 /* AppConfig */,
				16A3A8B2229A78280026C445 /* BasisClass */,
				16A3A884229A74080026C445 /* AppDelegate.swift */,
				16A3A886229A74080026C445 /* ViewController.swift */,
				16A3A888229A74080026C445 /* Main.storyboard */,
				16A3A88B229A74090026C445 /* Assets.xcassets */,
				16A3A88D229A74090026C445 /* LaunchScreen.storyboard */,
				16A3A890229A74090026C445 /* Info.plist */,
			);
			path = FlashNew;
			sourceTree = "<group>";
		};
		16A3A898229A74090026C445 /* FlashNewTests */ = {
			isa = PBXGroup;
			children = (
				16A3A899229A74090026C445 /* FlashNewTests.swift */,
				16A3A89B229A74090026C445 /* Info.plist */,
			);
			path = FlashNewTests;
			sourceTree = "<group>";
		};
		16A3A8A3229A74090026C445 /* FlashNewUITests */ = {
			isa = PBXGroup;
			children = (
				16A3A8A4229A74090026C445 /* FlashNewUITests.swift */,
				16A3A8A6229A74090026C445 /* Info.plist */,
			);
			path = FlashNewUITests;
			sourceTree = "<group>";
		};
		16A3A8B2229A78280026C445 /* BasisClass */ = {
			isa = PBXGroup;
			children = (
				16A3A8B3229A783E0026C445 /* BaseViewController.swift */,
				16A3A8B5229A78620026C445 /* BaseNavigationViewController.swift */,
				164A0BD2229AC56900C5B38C /* BaseTabBarViewController.swift */,
			);
			path = BasisClass;
			sourceTree = "<group>";
		};
		16A3A8B7229A78F80026C445 /* AppConfig */ = {
			isa = PBXGroup;
			children = (
				16A3A8B8229A790C0026C445 /* BaseConfig.swift */,
			);
			path = AppConfig;
			sourceTree = "<group>";
		};
		3EC3C2BB417E679FF802A2D3 /* Frameworks */ = {
			isa = PBXGroup;
			children = (
				16AFFE78229A7FB300017B5C /* Masonry.framework */,
				D13A7DF93157306454ABFD32 /* Pods_FlashNew.framework */,
				396BED193FBDE0238F6DAA83 /* Pods_FlashNewTests.framework */,
				B4257FA15A100299A3953A97 /* Pods_FlashNewUITests.framework */,
			);
			name = Frameworks;
			sourceTree = "<group>";
		};
/* End PBXGroup section */

/* Begin PBXNativeTarget section */
		16A3A880229A74080026C445 /* FlashNew */ = {
			isa = PBXNativeTarget;
			buildConfigurationList = 16A3A8A9229A74090026C445 /* Build configuration list for PBXNativeTarget "FlashNew" */;
			buildPhases = (
				6A082A4DC6EABA2410A1C4AD /* [CP] Check Pods Manifest.lock */,
				16A3A87D229A74080026C445 /* Sources */,
				16A3A87E229A74080026C445 /* Frameworks */,
				16A3A87F229A74080026C445 /* Resources */,
				84C9AE051047CC9A709CC87B /* [CP] Embed Pods Frameworks */,
			);
			buildRules = (
			);
			dependencies = (
			);
			name = FlashNew;
			productName = FlashNew;
			productReference = 16A3A881229A74080026C445 /* FlashNew.app */;
			productType = "com.apple.product-type.application";
		};
		16A3A894229A74090026C445 /* FlashNewTests */ = {
			isa = PBXNativeTarget;
			buildConfigurationList = 16A3A8AC229A74090026C445 /* Build configuration list for PBXNativeTarget "FlashNewTests" */;
			buildPhases = (
				F85CE8721E3A943D1FC0EB5F /* [CP] Check Pods Manifest.lock */,
				16A3A891229A74090026C445 /* Sources */,
				16A3A892229A74090026C445 /* Frameworks */,
				16A3A893229A74090026C445 /* Resources */,
			);
			buildRules = (
			);
			dependencies = (
				16A3A897229A74090026C445 /* PBXTargetDependency */,
			);
			name = FlashNewTests;
			productName = FlashNewTests;
			productReference = 16A3A895229A74090026C445 /* FlashNewTests.xctest */;
			productType = "com.apple.product-type.bundle.unit-test";
		};
		16A3A89F229A74090026C445 /* FlashNewUITests */ = {
			isa = PBXNativeTarget;
			buildConfigurationList = 16A3A8AF229A74090026C445 /* Build configuration list for PBXNativeTarget "FlashNewUITests" */;
			buildPhases = (
				3316777B8A53C4B638756FF8 /* [CP] Check Pods Manifest.lock */,
				16A3A89C229A74090026C445 /* Sources */,
				16A3A89D229A74090026C445 /* Frameworks */,
				16A3A89E229A74090026C445 /* Resources */,
			);
			buildRules = (
			);
			dependencies = (
				16A3A8A2229A74090026C445 /* PBXTargetDependency */,
			);
			name = FlashNewUITests;
			productName = FlashNewUITests;
			productReference = 16A3A8A0229A74090026C445 /* FlashNewUITests.xctest */;
			productType = "com.apple.product-type.bundle.ui-testing";
		};
/* End PBXNativeTarget section */

/* Begin PBXProject section */
		16A3A879229A74080026C445 /* Project object */ = {
			isa = PBXProject;
			attributes = {
				LastSwiftUpdateCheck = 1020;
				LastUpgradeCheck = 1020;
				ORGANIZATIONNAME = "周双建";
				TargetAttributes = {
					16A3A880229A74080026C445 = {
						CreatedOnToolsVersion = 10.2.1;
					};
					16A3A894229A74090026C445 = {
						CreatedOnToolsVersion = 10.2.1;
						TestTargetID = 16A3A880229A74080026C445;
					};
					16A3A89F229A74090026C445 = {
						CreatedOnToolsVersion = 10.2.1;
						TestTargetID = 16A3A880229A74080026C445;
					};
				};
			};
			buildConfigurationList = 16A3A87C229A74080026C445 /* Build configuration list for PBXProject "FlashNew" */;
			compatibilityVersion = "Xcode 9.3";
			developmentRegion = en;
			hasScannedForEncodings = 0;
			knownRegions = (
				en,
				Base,
			);
			mainGroup = 16A3A878229A74080026C445;
			productRefGroup = 16A3A882229A74080026C445 /* Products */;
			projectDirPath = "";
			projectRoot = "";
			targets = (
				16A3A880229A74080026C445 /* FlashNew */,
				16A3A894229A74090026C445 /* FlashNewTests */,
				16A3A89F229A74090026C445 /* FlashNewUITests */,
			);
		};
/* End PBXProject section */

/* Begin PBXResourcesBuildPhase section */
		16A3A87F229A74080026C445 /* Resources */ = {
			isa = PBXResourcesBuildPhase;
			buildActionMask = 2147483647;
			files = (
				16A3A88F229A74090026C445 /* LaunchScreen.storyboard in Resources */,
				16A3A88C229A74090026C445 /* Assets.xcassets in Resources */,
				16A3A88A229A74080026C445 /* Main.storyboard in Resources */,
			);
			runOnlyForDeploymentPostprocessing = 0;
		};
		16A3A893229A74090026C445 /* Resources */ = {
			isa = PBXResourcesBuildPhase;
			buildActionMask = 2147483647;
			files = (
			);
			runOnlyForDeploymentPostprocessing = 0;
		};
		16A3A89E229A74090026C445 /* Resources */ = {
			isa = PBXResourcesBuildPhase;
			buildActionMask = 2147483647;
			files = (
			);
			runOnlyForDeploymentPostprocessing = 0;
		};
/* End PBXResourcesBuildPhase section */

/* Begin PBXShellScriptBuildPhase section */
		3316777B8A53C4B638756FF8 /* [CP] Check Pods Manifest.lock */ = {
			isa = PBXShellScriptBuildPhase;
			buildActionMask = 2147483647;
			files = (
			);
			inputFileListPaths = (
			);
			inputPaths = (
				"${PODS_PODFILE_DIR_PATH}/Podfile.lock",
				"${PODS_ROOT}/Manifest.lock",
			);
			name = "[CP] Check Pods Manifest.lock";
			outputFileListPaths = (
			);
			outputPaths = (
				"$(DERIVED_FILE_DIR)/Pods-FlashNewUITests-checkManifestLockResult.txt",
			);
			runOnlyForDeploymentPostprocessing = 0;
			shellPath = /bin/sh;
			shellScript = "diff \"${PODS_PODFILE_DIR_PATH}/Podfile.lock\" \"${PODS_ROOT}/Manifest.lock\" > /dev/null\nif [ $? != 0 ] ; then\n    # print error to STDERR\n    echo \"error: The sandbox is not in sync with the Podfile.lock. Run 'pod install' or update your CocoaPods installation.\" >&2\n    exit 1\nfi\n# This output is used by Xcode 'outputs' to avoid re-running this script phase.\necho \"SUCCESS\" > \"${SCRIPT_OUTPUT_FILE_0}\"\n";
			showEnvVarsInLog = 0;
		};
		6A082A4DC6EABA2410A1C4AD /* [CP] Check Pods Manifest.lock */ = {
			isa = PBXShellScriptBuildPhase;
			buildActionMask = 2147483647;
			files = (
			);
			inputFileListPaths = (
			);
			inputPaths = (
				"${PODS_PODFILE_DIR_PATH}/Podfile.lock",
				"${PODS_ROOT}/Manifest.lock",
			);
			name = "[CP] Check Pods Manifest.lock";
			outputFileListPaths = (
			);
			outputPaths = (
				"$(DERIVED_FILE_DIR)/Pods-FlashNew-checkManifestLockResult.txt",
			);
			runOnlyForDeploymentPostprocessing = 0;
			shellPath = /bin/sh;
			shellScript = "diff \"${PODS_PODFILE_DIR_PATH}/Podfile.lock\" \"${PODS_ROOT}/Manifest.lock\" > /dev/null\nif [ $? != 0 ] ; then\n    # print error to STDERR\n    echo \"error: The sandbox is not in sync with the Podfile.lock. Run 'pod install' or update your CocoaPods installation.\" >&2\n    exit 1\nfi\n# This output is used by Xcode 'outputs' to avoid re-running this script phase.\necho \"SUCCESS\" > \"${SCRIPT_OUTPUT_FILE_0}\"\n";
			showEnvVarsInLog = 0;
		};
		84C9AE051047CC9A709CC87B /* [CP] Embed Pods Frameworks */ = {
			isa = PBXShellScriptBuildPhase;
			buildActionMask = 2147483647;
			files = (
			);
			inputFileListPaths = (
			);
			inputPaths = (
				"${PODS_ROOT}/Target Support Files/Pods-FlashNew/Pods-FlashNew-frameworks.sh",
				"${BUILT_PRODUCTS_DIR}/Masonry/Masonry.framework",
			);
			name = "[CP] Embed Pods Frameworks";
			outputFileListPaths = (
			);
			outputPaths = (
				"${TARGET_BUILD_DIR}/${FRAMEWORKS_FOLDER_PATH}/Masonry.framework",
			);
			runOnlyForDeploymentPostprocessing = 0;
			shellPath = /bin/sh;
			shellScript = "\"${PODS_ROOT}/Target Support Files/Pods-FlashNew/Pods-FlashNew-frameworks.sh\"\n";
			showEnvVarsInLog = 0;
		};
		F85CE8721E3A943D1FC0EB5F /* [CP] Check Pods Manifest.lock */ = {
			isa = PBXShellScriptBuildPhase;
			buildActionMask = 2147483647;
			files = (
			);
			inputFileListPaths = (
			);
			inputPaths = (
				"${PODS_PODFILE_DIR_PATH}/Podfile.lock",
				"${PODS_ROOT}/Manifest.lock",
			);
			name = "[CP] Check Pods Manifest.lock";
			outputFileListPaths = (
			);
			outputPaths = (
				"$(DERIVED_FILE_DIR)/Pods-FlashNewTests-checkManifestLockResult.txt",
			);
			runOnlyForDeploymentPostprocessing = 0;
			shellPath = /bin/sh;
			shellScript = "diff \"${PODS_PODFILE_DIR_PATH}/Podfile.lock\" \"${PODS_ROOT}/Manifest.lock\" > /dev/null\nif [ $? != 0 ] ; then\n    # print error to STDERR\n    echo \"error: The sandbox is not in sync with the Podfile.lock. Run 'pod install' or update your CocoaPods installation.\" >&2\n    exit 1\nfi\n# This output is used by Xcode 'outputs' to avoid re-running this script phase.\necho \"SUCCESS\" > \"${SCRIPT_OUTPUT_FILE_0}\"\n";
			showEnvVarsInLog = 0;
		};
/* End PBXShellScriptBuildPhase section */

/* Begin PBXSourcesBuildPhase section */
		16A3A87D229A74080026C445 /* Sources */ = {
			isa = PBXSourcesBuildPhase;
			buildActionMask = 2147483647;
			files = (
				16A3A887229A74080026C445 /* ViewController.swift in Sources */,
				16A3A885229A74080026C445 /* AppDelegate.swift in Sources */,
				16A3A8B4229A783E0026C445 /* BaseViewController.swift in Sources */,
				16A3A8B9229A790C0026C445 /* BaseConfig.swift in Sources */,
				16A3A8B6229A78620026C445 /* BaseNavigationViewController.swift in Sources */,
				164A0BD3229AC56900C5B38C /* BaseTabBarViewController.swift in Sources */,
			);
			runOnlyForDeploymentPostprocessing = 0;
		};
		16A3A891229A74090026C445 /* Sources */ = {
			isa = PBXSourcesBuildPhase;
			buildActionMask = 2147483647;
			files = (
				16A3A89A229A74090026C445 /* FlashNewTests.swift in Sources */,
			);
			runOnlyForDeploymentPostprocessing = 0;
		};
		16A3A89C229A74090026C445 /* Sources */ = {
			isa = PBXSourcesBuildPhase;
			buildActionMask = 2147483647;
			files = (
				16A3A8A5229A74090026C445 /* FlashNewUITests.swift in Sources */,
			);
			runOnlyForDeploymentPostprocessing = 0;
		};
/* End PBXSourcesBuildPhase section */

/* Begin PBXTargetDependency section */
		16A3A897229A74090026C445 /* PBXTargetDependency */ = {
			isa = PBXTargetDependency;
			target = 16A3A880229A74080026C445 /* FlashNew */;
			targetProxy = 16A3A896229A74090026C445 /* PBXContainerItemProxy */;
		};
		16A3A8A2229A74090026C445 /* PBXTargetDependency */ = {
			isa = PBXTargetDependency;
			target = 16A3A880229A74080026C445 /* FlashNew */;
			targetProxy = 16A3A8A1229A74090026C445 /* PBXContainerItemProxy */;
		};
/* End PBXTargetDependency section */

/* Begin PBXVariantGroup section */
		16A3A888229A74080026C445 /* Main.storyboard */ = {
			isa = PBXVariantGroup;
			children = (
				16A3A889229A74080026C445 /* Base */,
			);
			name = Main.storyboard;
			sourceTree = "<group>";
		};
		16A3A88D229A74090026C445 /* LaunchScreen.storyboard */ = {
			isa = PBXVariantGroup;
			children = (
				16A3A88E229A74090026C445 /* Base */,
			);
			name = LaunchScreen.storyboard;
			sourceTree = "<group>";
		};
/* End PBXVariantGroup section */

/* Begin XCBuildConfiguration section */
		16A3A8A7229A74090026C445 /* Debug */ = {
			isa = XCBuildConfiguration;
			buildSettings = {
				ALWAYS_SEARCH_USER_PATHS = NO;
				CLANG_ANALYZER_NONNULL = YES;
				CLANG_ANALYZER_NUMBER_OBJECT_CONVERSION = YES_AGGRESSIVE;
				CLANG_CXX_LANGUAGE_STANDARD = "gnu++14";
				CLANG_CXX_LIBRARY = "libc++";
				CLANG_ENABLE_MODULES = YES;
				CLANG_ENABLE_OBJC_ARC = YES;
				CLANG_ENABLE_OBJC_WEAK = YES;
				CLANG_WARN_BLOCK_CAPTURE_AUTORELEASING = YES;
				CLANG_WARN_BOOL_CONVERSION = YES;
				CLANG_WARN_COMMA = YES;
				CLANG_WARN_CONSTANT_CONVERSION = YES;
				CLANG_WARN_DEPRECATED_OBJC_IMPLEMENTATIONS = YES;
				CLANG_WARN_DIRECT_OBJC_ISA_USAGE = YES_ERROR;
				CLANG_WARN_DOCUMENTATION_COMMENTS = YES;
				CLANG_WARN_EMPTY_BODY = YES;
				CLANG_WARN_ENUM_CONVERSION = YES;
				CLANG_WARN_INFINITE_RECURSION = YES;
				CLANG_WARN_INT_CONVERSION = YES;
				CLANG_WARN_NON_LITERAL_NULL_CONVERSION = YES;
				CLANG_WARN_OBJC_IMPLICIT_RETAIN_SELF = YES;
				CLANG_WARN_OBJC_LITERAL_CONVERSION = YES;
				CLANG_WARN_OBJC_ROOT_CLASS = YES_ERROR;
				CLANG_WARN_RANGE_LOOP_ANALYSIS = YES;
				CLANG_WARN_STRICT_PROTOTYPES = YES;
				CLANG_WARN_SUSPICIOUS_MOVE = YES;
				CLANG_WARN_UNGUARDED_AVAILABILITY = YES_AGGRESSIVE;
				CLANG_WARN_UNREACHABLE_CODE = YES;
				CLANG_WARN__DUPLICATE_METHOD_MATCH = YES;
				CODE_SIGN_IDENTITY = "iPhone Developer";
				COPY_PHASE_STRIP = NO;
				DEBUG_INFORMATION_FORMAT = dwarf;
				ENABLE_STRICT_OBJC_MSGSEND = YES;
				ENABLE_TESTABILITY = YES;
				GCC_C_LANGUAGE_STANDARD = gnu11;
				GCC_DYNAMIC_NO_PIC = NO;
				GCC_NO_COMMON_BLOCKS = YES;
				GCC_OPTIMIZATION_LEVEL = 0;
				GCC_PREPROCESSOR_DEFINITIONS = (
					"DEBUG=1",
					"$(inherited)",
				);
				GCC_WARN_64_TO_32_BIT_CONVERSION = YES;
				GCC_WARN_ABOUT_RETURN_TYPE = YES_ERROR;
				GCC_WARN_UNDECLARED_SELECTOR = YES;
				GCC_WARN_UNINITIALIZED_AUTOS = YES_AGGRESSIVE;
				GCC_WARN_UNUSED_FUNCTION = YES;
				GCC_WARN_UNUSED_VARIABLE = YES;
				IPHONEOS_DEPLOYMENT_TARGET = 12.2;
				MTL_ENABLE_DEBUG_INFO = INCLUDE_SOURCE;
				MTL_FAST_MATH = YES;
				ONLY_ACTIVE_ARCH = YES;
				SDKROOT = iphoneos;
				SWIFT_ACTIVE_COMPILATION_CONDITIONS = DEBUG;
				SWIFT_OPTIMIZATION_LEVEL = "-Onone";
			};
			name = Debug;
		};
		16A3A8A8229A74090026C445 /* Release */ = {
			isa = XCBuildConfiguration;
			buildSettings = {
				ALWAYS_SEARCH_USER_PATHS = NO;
				CLANG_ANALYZER_NONNULL = YES;
				CLANG_ANALYZER_NUMBER_OBJECT_CONVERSION = YES_AGGRESSIVE;
				CLANG_CXX_LANGUAGE_STANDARD = "gnu++14";
				CLANG_CXX_LIBRARY = "libc++";
				CLANG_ENABLE_MODULES = YES;
				CLANG_ENABLE_OBJC_ARC = YES;
				CLANG_ENABLE_OBJC_WEAK = YES;
				CLANG_WARN_BLOCK_CAPTURE_AUTORELEASING = YES;
				CLANG_WARN_BOOL_CONVERSION = YES;
				CLANG_WARN_COMMA = YES;
				CLANG_WARN_CONSTANT_CONVERSION = YES;
				CLANG_WARN_DEPRECATED_OBJC_IMPLEMENTATIONS = YES;
				CLANG_WARN_DIRECT_OBJC_ISA_USAGE = YES_ERROR;
				CLANG_WARN_DOCUMENTATION_COMMENTS = YES;
				CLANG_WARN_EMPTY_BODY = YES;
				CLANG_WARN_ENUM_CONVERSION = YES;
				CLANG_WARN_INFINITE_RECURSION = YES;
				CLANG_WARN_INT_CONVERSION = YES;
				CLANG_WARN_NON_LITERAL_NULL_CONVERSION = YES;
				CLANG_WARN_OBJC_IMPLICIT_RETAIN_SELF = YES;
				CLANG_WARN_OBJC_LITERAL_CONVERSION = YES;
				CLANG_WARN_OBJC_ROOT_CLASS = YES_ERROR;
				CLANG_WARN_RANGE_LOOP_ANALYSIS = YES;
				CLANG_WARN_STRICT_PROTOTYPES = YES;
				CLANG_WARN_SUSPICIOUS_MOVE = YES;
				CLANG_WARN_UNGUARDED_AVAILABILITY = YES_AGGRESSIVE;
				CLANG_WARN_UNREACHABLE_CODE = YES;
				CLANG_WARN__DUPLICATE_METHOD_MATCH = YES;
				CODE_SIGN_IDENTITY = "iPhone Developer";
				COPY_PHASE_STRIP = NO;
				DEBUG_INFORMATION_FORMAT = "dwarf-with-dsym";
				ENABLE_NS_ASSERTIONS = NO;
				ENABLE_STRICT_OBJC_MSGSEND = YES;
				GCC_C_LANGUAGE_STANDARD = gnu11;
				GCC_NO_COMMON_BLOCKS = YES;
				GCC_WARN_64_TO_32_BIT_CONVERSION = YES;
				GCC_WARN_ABOUT_RETURN_TYPE = YES_ERROR;
				GCC_WARN_UNDECLARED_SELECTOR = YES;
				GCC_WARN_UNINITIALIZED_AUTOS = YES_AGGRESSIVE;
				GCC_WARN_UNUSED_FUNCTION = YES;
				GCC_WARN_UNUSED_VARIABLE = YES;
				IPHONEOS_DEPLOYMENT_TARGET = 12.2;
				MTL_ENABLE_DEBUG_INFO = NO;
				MTL_FAST_MATH = YES;
				SDKROOT = iphoneos;
				SWIFT_COMPILATION_MODE = wholemodule;
				SWIFT_OPTIMIZATION_LEVEL = "-O";
				VALIDATE_PRODUCT = YES;
			};
			name = Release;
		};
		16A3A8AA229A74090026C445 /* Debug */ = {
			isa = XCBuildConfiguration;
			baseConfigurationReference = 7C3207E10405189DB833784E /* Pods-FlashNew.debug.xcconfig */;
			buildSettings = {
				ASSETCATALOG_COMPILER_APPICON_NAME = AppIcon;
				CODE_SIGN_STYLE = Automatic;
				DEVELOPMENT_TEAM = LJS52UBL9T;
				INFOPLIST_FILE = FlashNew/Info.plist;
				LD_RUNPATH_SEARCH_PATHS = (
					"$(inherited)",
					"@executable_path/Frameworks",
				);
				PRODUCT_BUNDLE_IDENTIFIER = com.newwork.flashnew;
				PRODUCT_NAME = "$(TARGET_NAME)";
				SWIFT_VERSION = 5.0;
				TARGETED_DEVICE_FAMILY = "1,2";
			};
			name = Debug;
		};
		16A3A8AB229A74090026C445 /* Release */ = {
			isa = XCBuildConfiguration;
			baseConfigurationReference = F6DA7E6DF807D39DA83BB051 /* Pods-FlashNew.release.xcconfig */;
			buildSettings = {
				ASSETCATALOG_COMPILER_APPICON_NAME = AppIcon;
				CODE_SIGN_STYLE = Automatic;
				DEVELOPMENT_TEAM = LJS52UBL9T;
				INFOPLIST_FILE = FlashNew/Info.plist;
				LD_RUNPATH_SEARCH_PATHS = (
					"$(inherited)",
					"@executable_path/Frameworks",
				);
				PRODUCT_BUNDLE_IDENTIFIER = com.newwork.flashnew;
				PRODUCT_NAME = "$(TARGET_NAME)";
				SWIFT_VERSION = 5.0;
				TARGETED_DEVICE_FAMILY = "1,2";
			};
			name = Release;
		};
		16A3A8AD229A74090026C445 /* Debug */ = {
			isa = XCBuildConfiguration;
			baseConfigurationReference = 963EB6E9CC0FDFAC19097E4A /* Pods-FlashNewTests.debug.xcconfig */;
			buildSettings = {
				ALWAYS_EMBED_SWIFT_STANDARD_LIBRARIES = YES;
				BUNDLE_LOADER = "$(TEST_HOST)";
				CODE_SIGN_STYLE = Automatic;
				INFOPLIST_FILE = FlashNewTests/Info.plist;
				LD_RUNPATH_SEARCH_PATHS = (
					"$(inherited)",
					"@executable_path/Frameworks",
					"@loader_path/Frameworks",
				);
				PRODUCT_BUNDLE_IDENTIFIER = com.newwork.FlashNewTests;
				PRODUCT_NAME = "$(TARGET_NAME)";
				SWIFT_VERSION = 5.0;
				TARGETED_DEVICE_FAMILY = "1,2";
				TEST_HOST = "$(BUILT_PRODUCTS_DIR)/FlashNew.app/FlashNew";
			};
			name = Debug;
		};
		16A3A8AE229A74090026C445 /* Release */ = {
			isa = XCBuildConfiguration;
			baseConfigurationReference = 4D4F71C557AC16A495833E81 /* Pods-FlashNewTests.release.xcconfig */;
			buildSettings = {
				ALWAYS_EMBED_SWIFT_STANDARD_LIBRARIES = YES;
				BUNDLE_LOADER = "$(TEST_HOST)";
				CODE_SIGN_STYLE = Automatic;
				INFOPLIST_FILE = FlashNewTests/Info.plist;
				LD_RUNPATH_SEARCH_PATHS = (
					"$(inherited)",
					"@executable_path/Frameworks",
					"@loader_path/Frameworks",
				);
				PRODUCT_BUNDLE_IDENTIFIER = com.newwork.FlashNewTests;
				PRODUCT_NAME = "$(TARGET_NAME)";
				SWIFT_VERSION = 5.0;
				TARGETED_DEVICE_FAMILY = "1,2";
				TEST_HOST = "$(BUILT_PRODUCTS_DIR)/FlashNew.app/FlashNew";
			};
			name = Release;
		};
		16A3A8B0229A74090026C445 /* Debug */ = {
			isa = XCBuildConfiguration;
			baseConfigurationReference = AA6AA3B0350D67ED94AE23C8 /* Pods-FlashNewUITests.debug.xcconfig */;
			buildSettings = {
				ALWAYS_EMBED_SWIFT_STANDARD_LIBRARIES = YES;
				CODE_SIGN_STYLE = Automatic;
				INFOPLIST_FILE = FlashNewUITests/Info.plist;
				LD_RUNPATH_SEARCH_PATHS = (
					"$(inherited)",
					"@executable_path/Frameworks",
					"@loader_path/Frameworks",
				);
				PRODUCT_BUNDLE_IDENTIFIER = com.newwork.FlashNewUITests;
				PRODUCT_NAME = "$(TARGET_NAME)";
				SWIFT_VERSION = 5.0;
				TARGETED_DEVICE_FAMILY = "1,2";
				TEST_TARGET_NAME = FlashNew;
			};
			name = Debug;
		};
		16A3A8B1229A74090026C445 /* Release */ = {
			isa = XCBuildConfiguration;
			baseConfigurationReference = 8EF9FE05FB2855A3F0FFD07C /* Pods-FlashNewUITests.release.xcconfig */;
			buildSettings = {
				ALWAYS_EMBED_SWIFT_STANDARD_LIBRARIES = YES;
				CODE_SIGN_STYLE = Automatic;
				INFOPLIST_FILE = FlashNewUITests/Info.plist;
				LD_RUNPATH_SEARCH_PATHS = (
					"$(inherited)",
					"@executable_path/Frameworks",
					"@loader_path/Frameworks",
				);
				PRODUCT_BUNDLE_IDENTIFIER = com.newwork.FlashNewUITests;
				PRODUCT_NAME = "$(TARGET_NAME)";
				SWIFT_VERSION = 5.0;
				TARGETED_DEVICE_FAMILY = "1,2";
				TEST_TARGET_NAME = FlashNew;
			};
			name = Release;
		};
/* End XCBuildConfiguration section */

/* Begin XCConfigurationList section */
		16A3A87C229A74080026C445 /* Build configuration list for PBXProject "FlashNew" */ = {
			isa = XCConfigurationList;
			buildConfigurations = (
				16A3A8A7229A74090026C445 /* Debug */,
				16A3A8A8229A74090026C445 /* Release */,
			);
			defaultConfigurationIsVisible = 0;
			defaultConfigurationName = Release;
		};
		16A3A8A9229A74090026C445 /* Build configuration list for PBXNativeTarget "FlashNew" */ = {
			isa = XCConfigurationList;
			buildConfigurations = (
				16A3A8AA229A74090026C445 /* Debug */,
				16A3A8AB229A74090026C445 /* Release */,
			);
			defaultConfigurationIsVisible = 0;
			defaultConfigurationName = Release;
		};
		16A3A8AC229A74090026C445 /* Build configuration list for PBXNativeTarget "FlashNewTests" */ = {
			isa = XCConfigurationList;
			buildConfigurations = (
				16A3A8AD229A74090026C445 /* Debug */,
				16A3A8AE229A74090026C445 /* Release */,
			);
			defaultConfigurationIsVisible = 0;
			defaultConfigurationName = Release;
		};
		16A3A8AF229A74090026C445 /* Build configuration list for PBXNativeTarget "FlashNewUITests" */ = {
			isa = XCConfigurationList;
			buildConfigurations = (
				16A3A8B0229A74090026C445 /* Debug */,
				16A3A8B1229A74090026C445 /* Release */,
			);
			defaultConfigurationIsVisible = 0;
			defaultConfigurationName = Release;
		};
/* End XCConfigurationList section */
	};
	rootObject = 16A3A879229A74080026C445 /* Project object */;
}
